
Microsoft Visual Studio Solution File, Format Version 12.00
# Visual Studio 15
VisualStudioVersion = 15.0.28307.136
MinimumVisualStudioVersion = 10.0.40219.1
Project("{2150E333-8FDC-42A3-9474-1A3956D46DE8}") = "src", "src", "{3E4B86C9-73AD-42CD-8C82-6A5886850A4E}"
EndProject
Project("{9A19103F-16F7-4668-BE54-9A1E7A4F7556}") = "Kritner.MongoDb.GettingStarted.ConsoleApp", "src\Kritner.MongoDb.GettingStarted.ConsoleApp\Kritner.MongoDb.GettingStarted.ConsoleApp.csproj", "{593CDB5C-6BC3-4FBF-BA47-50958C9DB513}"
EndProject
Global
	GlobalSection(SolutionConfigurationPlatforms) = preSolution
		Debug|Any CPU = Debug|Any CPU
		Release|Any CPU = Release|Any CPU
	EndGlobalSection
	GlobalSection(ProjectConfigurationPlatforms) = postSolution
		{593CDB5C-6BC3-4FBF-BA47-50958C9DB513}.Debug|Any CPU.ActiveCfg = Debug|Any CPU
		{593CDB5C-6BC3-4FBF-BA47-50958C9DB513}.Debug|Any CPU.Build.0 = Debug|Any CPU
		{593CDB5C-6BC3-4FBF-BA47-50958C9DB513}.Release|Any CPU.ActiveCfg = Release|Any CPU
		{593CDB5C-6BC3-4FBF-BA47-50958C9DB513}.Release|Any CPU.Build.0 = Release|Any CPU
	EndGlobalSection
	GlobalSection(SolutionProperties) = preSolution
		HideSolutionNode = FALSE
	EndGlobalSection
	GlobalSection(NestedProjects) = preSolution
		{593CDB5C-6BC3-4FBF-BA47-50958C9DB513} = {3E4B86C9-73AD-42CD-8C82-6A5886850A4E}
	EndGlobalSection
	GlobalSection(ExtensibilityGlobals) = postSolution
		SolutionGuid = {47461D79-65F5-4AC2-B9EE-75A8F6D374B7}
	EndGlobalSection
EndGlobal
